
Microsoft Visual Studio Solution File, Format Version 12.00
# Visual Studio Version 16
VisualStudioVersion = 16.0.32630.194
MinimumVisualStudioVersion = 10.0.40219.1
Project("{8BC9CEB8-8B4A-11D0-8D11-00A0C91BC942}") = "2022_7_18_day1_aufgaben", "2022_7_18_day1_aufgaben\2022_7_18_day1_aufgaben.vcxproj", "{D88DD03A-3DD3-4E7C-9CBF-BD5738155785}"
EndProject
Global
	GlobalSection(SolutionConfigurationPlatforms) = preSolution
		Debug|x64 = Debug|x64
		Debug|x86 = Debug|x86
		Release|x64 = Release|x64
		Release|x86 = Release|x86
	EndGlobalSection
	GlobalSection(ProjectConfigurationPlatforms) = postSolution
		{D88DD03A-3DD3-4E7C-9CBF-BD5738155785}.Debug|x64.ActiveCfg = Debug|x64
		{D88DD03A-3DD3-4E7C-9CBF-BD5738155785}.Debug|x64.Build.0 = Debug|x64
		{D88DD03A-3DD3-4E7C-9CBF-BD5738155785}.Debug|x86.ActiveCfg = Debug|Win32
		{D88DD03A-3DD3-4E7C-9CBF-BD5738155785}.Debug|x86.Build.0 = Debug|Win32
		{D88DD03A-3DD3-4E7C-9CBF-BD5738155785}.Release|x64.ActiveCfg = Release|x64
		{D88DD03A-3DD3-4E7C-9CBF-BD5738155785}.Release|x64.Build.0 = Release|x64
		{D88DD03A-3DD3-4E7C-9CBF-BD5738155785}.Release|x86.ActiveCfg = Release|Win32
		{D88DD03A-3DD3-4E7C-9CBF-BD5738155785}.Release|x86.Build.0 = Release|Win32
	EndGlobalSection
	GlobalSection(SolutionProperties) = preSolution
		HideSolutionNode = FALSE
	EndGlobalSection
	GlobalSection(ExtensibilityGlobals) = postSolution
		SolutionGuid = {C07E4F0C-FC16-49C1-83BC-66A41AD111A1}
	EndGlobalSection
EndGlobal
